// !$*UTF8*$!
{
	archiveVersion = 1;
	classes = {
	};
	objectVersion = 48;
	objects = {

/* Begin PBXBuildFile section */
		4604A47520328AAE00EE52F6 /* DataController.swift in Sources */ = {isa = PBXBuildFile; fileRef = 4604A47420328AAE00EE52F6 /* DataController.swift */; };
		460B83842033D07600F54505 /* Photo+CoreDataClass.swift in Sources */ = {isa = PBXBuildFile; fileRef = 460B83802033D07600F54505 /* Photo+CoreDataClass.swift */; };
		460B83852033D07600F54505 /* Photo+CoreDataProperties.swift in Sources */ = {isa = PBXBuildFile; fileRef = 460B83812033D07600F54505 /* Photo+CoreDataProperties.swift */; };
		460B83862033D07600F54505 /* Location+CoreDataClass.swift in Sources */ = {isa = PBXBuildFile; fileRef = 460B83822033D07600F54505 /* Location+CoreDataClass.swift */; };
		460B83872033D07600F54505 /* Location+CoreDataProperties.swift in Sources */ = {isa = PBXBuildFile; fileRef = 460B83832033D07600F54505 /* Location+CoreDataProperties.swift */; };
		462CD45D203BAD740071E805 /* PinDetailViewController.swift in Sources */ = {isa = PBXBuildFile; fileRef = 462CD45C203BAD740071E805 /* PinDetailViewController.swift */; };
		462CD45F203BAD930071E805 /* PinMapViewController.swift in Sources */ = {isa = PBXBuildFile; fileRef = 462CD45E203BAD930071E805 /* PinMapViewController.swift */; };
		469D1A7720200F1C00B02EC6 /* FlickrClient.swift in Sources */ = {isa = PBXBuildFile; fileRef = 469D1A7620200F1C00B02EC6 /* FlickrClient.swift */; };
		469D1A7920200F3900B02EC6 /* FlickrConvenience.swift in Sources */ = {isa = PBXBuildFile; fileRef = 469D1A7820200F3900B02EC6 /* FlickrConvenience.swift */; };
		469D1A7B202013DB00B02EC6 /* CoreDataCollectionViewController.swift in Sources */ = {isa = PBXBuildFile; fileRef = 469D1A7A202013DA00B02EC6 /* CoreDataCollectionViewController.swift */; };
		469D1A7D2022C06400B02EC6 /* FlickrConstants.swift in Sources */ = {isa = PBXBuildFile; fileRef = 469D1A7C2022C06400B02EC6 /* FlickrConstants.swift */; };
		469D1A7F2024187900B02EC6 /* GCDBlackBox.swift in Sources */ = {isa = PBXBuildFile; fileRef = 469D1A7E2024187900B02EC6 /* GCDBlackBox.swift */; };
		46BADCD62010355600B9DA3E /* MapViewController.swift in Sources */ = {isa = PBXBuildFile; fileRef = 46BADCD52010355600B9DA3E /* MapViewController.swift */; };
		46BB6DBA201AD1BC007CB97B /* CoreDataStack.swift in Sources */ = {isa = PBXBuildFile; fileRef = 46BB6DB9201AD1BB007CB97B /* CoreDataStack.swift */; };
		46D162A7200EFAED00EBF0BD /* AppDelegate.swift in Sources */ = {isa = PBXBuildFile; fileRef = 46D162A6200EFAED00EBF0BD /* AppDelegate.swift */; };
		46D162AC200EFAED00EBF0BD /* Main.storyboard in Resources */ = {isa = PBXBuildFile; fileRef = 46D162AA200EFAED00EBF0BD /* Main.storyboard */; };
		46D162AE200EFAED00EBF0BD /* Assets.xcassets in Resources */ = {isa = PBXBuildFile; fileRef = 46D162AD200EFAED00EBF0BD /* Assets.xcassets */; };
		46D162B1200EFAED00EBF0BD /* LaunchScreen.storyboard in Resources */ = {isa = PBXBuildFile; fileRef = 46D162AF200EFAED00EBF0BD /* LaunchScreen.storyboard */; };
		46D162BC200EFAED00EBF0BD /* Virtual_TouristTests.swift in Sources */ = {isa = PBXBuildFile; fileRef = 46D162BB200EFAED00EBF0BD /* Virtual_TouristTests.swift */; };
		46D162C7200EFAED00EBF0BD /* Virtual_TouristUITests.swift in Sources */ = {isa = PBXBuildFile; fileRef = 46D162C6200EFAED00EBF0BD /* Virtual_TouristUITests.swift */; };
		46EBC3C820104A6900DD9696 /* Preferences.swift in Sources */ = {isa = PBXBuildFile; fileRef = 46EBC3C720104A6900DD9696 /* Preferences.swift */; };
		46FE5AA62019755E00969809 /* ImageCollectionViewController.swift in Sources */ = {isa = PBXBuildFile; fileRef = 46FE5AA52019755E00969809 /* ImageCollectionViewController.swift */; };
		46FE5AA92019839200969809 /* Model.xcdatamodeld in Sources */ = {isa = PBXBuildFile; fileRef = 46FE5AA72019839200969809 /* Model.xcdatamodeld */; };
/* End PBXBuildFile section */

/* Begin PBXContainerItemProxy section */
		46D162B8200EFAED00EBF0BD /* PBXContainerItemProxy */ = {
			isa = PBXContainerItemProxy;
			containerPortal = 46D1629B200EFAED00EBF0BD /* Project object */;
			proxyType = 1;
			remoteGlobalIDString = 46D162A2200EFAED00EBF0BD;
			remoteInfo = "Virtual Tourist";
		};
		46D162C3200EFAED00EBF0BD /* PBXContainerItemProxy */ = {
			isa = PBXContainerItemProxy;
			containerPortal = 46D1629B200EFAED00EBF0BD /* Project object */;
			proxyType = 1;
			remoteGlobalIDString = 46D162A2200EFAED00EBF0BD;
			remoteInfo = "Virtual Tourist";
		};
/* End PBXContainerItemProxy section */

/* Begin PBXFileReference section */
		4604A47420328AAE00EE52F6 /* DataController.swift */ = {isa = PBXFileReference; lastKnownFileType = sourcecode.swift; path = DataController.swift; sourceTree = "<group>"; };
		460B83802033D07600F54505 /* Photo+CoreDataClass.swift */ = {isa = PBXFileReference; lastKnownFileType = sourcecode.swift; path = "Photo+CoreDataClass.swift"; sourceTree = "<group>"; };
		460B83812033D07600F54505 /* Photo+CoreDataProperties.swift */ = {isa = PBXFileReference; lastKnownFileType = sourcecode.swift; path = "Photo+CoreDataProperties.swift"; sourceTree = "<group>"; };
		460B83822033D07600F54505 /* Location+CoreDataClass.swift */ = {isa = PBXFileReference; lastKnownFileType = sourcecode.swift; path = "Location+CoreDataClass.swift"; sourceTree = "<group>"; };
		460B83832033D07600F54505 /* Location+CoreDataProperties.swift */ = {isa = PBXFileReference; lastKnownFileType = sourcecode.swift; path = "Location+CoreDataProperties.swift"; sourceTree = "<group>"; };
		462CD45C203BAD740071E805 /* PinDetailViewController.swift */ = {isa = PBXFileReference; lastKnownFileType = sourcecode.swift; path = PinDetailViewController.swift; sourceTree = "<group>"; };
		462CD45E203BAD930071E805 /* PinMapViewController.swift */ = {isa = PBXFileReference; lastKnownFileType = sourcecode.swift; path = PinMapViewController.swift; sourceTree = "<group>"; };
		469D1A7620200F1C00B02EC6 /* FlickrClient.swift */ = {isa = PBXFileReference; lastKnownFileType = sourcecode.swift; path = FlickrClient.swift; sourceTree = "<group>"; };
		469D1A7820200F3900B02EC6 /* FlickrConvenience.swift */ = {isa = PBXFileReference; lastKnownFileType = sourcecode.swift; path = FlickrConvenience.swift; sourceTree = "<group>"; };
		469D1A7A202013DA00B02EC6 /* CoreDataCollectionViewController.swift */ = {isa = PBXFileReference; lastKnownFileType = sourcecode.swift; path = CoreDataCollectionViewController.swift; sourceTree = "<group>"; };
		469D1A7C2022C06400B02EC6 /* FlickrConstants.swift */ = {isa = PBXFileReference; lastKnownFileType = sourcecode.swift; path = FlickrConstants.swift; sourceTree = "<group>"; };
		469D1A7E2024187900B02EC6 /* GCDBlackBox.swift */ = {isa = PBXFileReference; lastKnownFileType = sourcecode.swift; path = GCDBlackBox.swift; sourceTree = "<group>"; };
		46BADCD52010355600B9DA3E /* MapViewController.swift */ = {isa = PBXFileReference; lastKnownFileType = sourcecode.swift; path = MapViewController.swift; sourceTree = "<group>"; };
		46BB6DB9201AD1BB007CB97B /* CoreDataStack.swift */ = {isa = PBXFileReference; fileEncoding = 4; lastKnownFileType = sourcecode.swift; path = CoreDataStack.swift; sourceTree = "<group>"; };
		46D162A3200EFAED00EBF0BD /* Virtual Tourist.app */ = {isa = PBXFileReference; explicitFileType = wrapper.application; includeInIndex = 0; path = "Virtual Tourist.app"; sourceTree = BUILT_PRODUCTS_DIR; };
		46D162A6200EFAED00EBF0BD /* AppDelegate.swift */ = {isa = PBXFileReference; lastKnownFileType = sourcecode.swift; path = AppDelegate.swift; sourceTree = "<group>"; };
		46D162AB200EFAED00EBF0BD /* Base */ = {isa = PBXFileReference; lastKnownFileType = file.storyboard; name = Base; path = Base.lproj/Main.storyboard; sourceTree = "<group>"; };
		46D162AD200EFAED00EBF0BD /* Assets.xcassets */ = {isa = PBXFileReference; lastKnownFileType = folder.assetcatalog; path = Assets.xcassets; sourceTree = "<group>"; };
		46D162B0200EFAED00EBF0BD /* Base */ = {isa = PBXFileReference; lastKnownFileType = file.storyboard; name = Base; path = Base.lproj/LaunchScreen.storyboard; sourceTree = "<group>"; };
		46D162B2200EFAED00EBF0BD /* Info.plist */ = {isa = PBXFileReference; lastKnownFileType = text.plist.xml; path = Info.plist; sourceTree = "<group>"; };
		46D162B7200EFAED00EBF0BD /* Virtual TouristTests.xctest */ = {isa = PBXFileReference; explicitFileType = wrapper.cfbundle; includeInIndex = 0; path = "Virtual TouristTests.xctest"; sourceTree = BUILT_PRODUCTS_DIR; };
		46D162BB200EFAED00EBF0BD /* Virtual_TouristTests.swift */ = {isa = PBXFileReference; lastKnownFileType = sourcecode.swift; path = Virtual_TouristTests.swift; sourceTree = "<group>"; };
		46D162BD200EFAED00EBF0BD /* Info.plist */ = {isa = PBXFileReference; lastKnownFileType = text.plist.xml; path = Info.plist; sourceTree = "<group>"; };
		46D162C2200EFAED00EBF0BD /* Virtual TouristUITests.xctest */ = {isa = PBXFileReference; explicitFileType = wrapper.cfbundle; includeInIndex = 0; path = "Virtual TouristUITests.xctest"; sourceTree = BUILT_PRODUCTS_DIR; };
		46D162C6200EFAED00EBF0BD /* Virtual_TouristUITests.swift */ = {isa = PBXFileReference; lastKnownFileType = sourcecode.swift; path = Virtual_TouristUITests.swift; sourceTree = "<group>"; };
		46D162C8200EFAEE00EBF0BD /* Info.plist */ = {isa = PBXFileReference; lastKnownFileType = text.plist.xml; path = Info.plist; sourceTree = "<group>"; };
		46EBC3C720104A6900DD9696 /* Preferences.swift */ = {isa = PBXFileReference; lastKnownFileType = sourcecode.swift; path = Preferences.swift; sourceTree = "<group>"; };
		46FE5AA52019755E00969809 /* ImageCollectionViewController.swift */ = {isa = PBXFileReference; lastKnownFileType = sourcecode.swift; path = ImageCollectionViewController.swift; sourceTree = "<group>"; };
		46FE5AA82019839200969809 /* Model.xcdatamodel */ = {isa = PBXFileReference; lastKnownFileType = wrapper.xcdatamodel; path = Model.xcdatamodel; sourceTree = "<group>"; };
/* End PBXFileReference section */

/* Begin PBXFrameworksBuildPhase section */
		46D162A0200EFAED00EBF0BD /* Frameworks */ = {
			isa = PBXFrameworksBuildPhase;
			buildActionMask = 2147483647;
			files = (
			);
			runOnlyForDeploymentPostprocessing = 0;
		};
		46D162B4200EFAED00EBF0BD /* Frameworks */ = {
			isa = PBXFrameworksBuildPhase;
			buildActionMask = 2147483647;
			files = (
			);
			runOnlyForDeploymentPostprocessing = 0;
		};
		46D162BF200EFAED00EBF0BD /* Frameworks */ = {
			isa = PBXFrameworksBuildPhase;
			buildActionMask = 2147483647;
			files = (
			);
			runOnlyForDeploymentPostprocessing = 0;
		};
/* End PBXFrameworksBuildPhase section */

/* Begin PBXGroup section */
		469D1A7520200EBE00B02EC6 /* Flickr Client */ = {
			isa = PBXGroup;
			children = (
				469D1A7620200F1C00B02EC6 /* FlickrClient.swift */,
				469D1A7820200F3900B02EC6 /* FlickrConvenience.swift */,
				469D1A7C2022C06400B02EC6 /* FlickrConstants.swift */,
			);
			path = "Flickr Client";
			sourceTree = "<group>";
		};
		46BADCD42010353C00B9DA3E /* Controllers */ = {
			isa = PBXGroup;
			children = (
				46BADCD52010355600B9DA3E /* MapViewController.swift */,
				46FE5AA52019755E00969809 /* ImageCollectionViewController.swift */,
				469D1A7A202013DA00B02EC6 /* CoreDataCollectionViewController.swift */,
				462CD45C203BAD740071E805 /* PinDetailViewController.swift */,
				462CD45E203BAD930071E805 /* PinMapViewController.swift */,
			);
			path = Controllers;
			sourceTree = "<group>";
		};
		46D1629A200EFAED00EBF0BD = {
			isa = PBXGroup;
			children = (
				46D162A5200EFAED00EBF0BD /* Virtual Tourist */,
				46D162BA200EFAED00EBF0BD /* Virtual TouristTests */,
				46D162C5200EFAED00EBF0BD /* Virtual TouristUITests */,
				46D162A4200EFAED00EBF0BD /* Products */,
			);
			sourceTree = "<group>";
		};
		46D162A4200EFAED00EBF0BD /* Products */ = {
			isa = PBXGroup;
			children = (
				46D162A3200EFAED00EBF0BD /* Virtual Tourist.app */,
				46D162B7200EFAED00EBF0BD /* Virtual TouristTests.xctest */,
				46D162C2200EFAED00EBF0BD /* Virtual TouristUITests.xctest */,
			);
			name = Products;
			sourceTree = "<group>";
		};
		46D162A5200EFAED00EBF0BD /* Virtual Tourist */ = {
			isa = PBXGroup;
			children = (
				46EBC3C620104A5300DD9696 /* Model */,
				46BADCD42010353C00B9DA3E /* Controllers */,
				46D162A6200EFAED00EBF0BD /* AppDelegate.swift */,
				46D162AA200EFAED00EBF0BD /* Main.storyboard */,
				46D162AD200EFAED00EBF0BD /* Assets.xcassets */,
				46D162AF200EFAED00EBF0BD /* LaunchScreen.storyboard */,
				46D162B2200EFAED00EBF0BD /* Info.plist */,
				469D1A7E2024187900B02EC6 /* GCDBlackBox.swift */,
			);
			path = "Virtual Tourist";
			sourceTree = "<group>";
		};
		46D162BA200EFAED00EBF0BD /* Virtual TouristTests */ = {
			isa = PBXGroup;
			children = (
				46D162BB200EFAED00EBF0BD /* Virtual_TouristTests.swift */,
				46D162BD200EFAED00EBF0BD /* Info.plist */,
			);
			path = "Virtual TouristTests";
			sourceTree = "<group>";
		};
		46D162C5200EFAED00EBF0BD /* Virtual TouristUITests */ = {
			isa = PBXGroup;
			children = (
				46D162C6200EFAED00EBF0BD /* Virtual_TouristUITests.swift */,
				46D162C8200EFAEE00EBF0BD /* Info.plist */,
			);
			path = "Virtual TouristUITests";
			sourceTree = "<group>";
		};
		46EBC3C620104A5300DD9696 /* Model */ = {
			isa = PBXGroup;
			children = (
				469D1A7520200EBE00B02EC6 /* Flickr Client */,
				46EBC3C720104A6900DD9696 /* Preferences.swift */,
				46FE5AA72019839200969809 /* Model.xcdatamodeld */,
				460B83802033D07600F54505 /* Photo+CoreDataClass.swift */,
				460B83812033D07600F54505 /* Photo+CoreDataProperties.swift */,
				460B83822033D07600F54505 /* Location+CoreDataClass.swift */,
				460B83832033D07600F54505 /* Location+CoreDataProperties.swift */,
				46BB6DB9201AD1BB007CB97B /* CoreDataStack.swift */,
				4604A47420328AAE00EE52F6 /* DataController.swift */,
			);
			path = Model;
			sourceTree = "<group>";
		};
/* End PBXGroup section */

/* Begin PBXNativeTarget section */
		46D162A2200EFAED00EBF0BD /* Virtual Tourist */ = {
			isa = PBXNativeTarget;
			buildConfigurationList = 46D162CB200EFAEE00EBF0BD /* Build configuration list for PBXNativeTarget "Virtual Tourist" */;
			buildPhases = (
				46D1629F200EFAED00EBF0BD /* Sources */,
				46D162A0200EFAED00EBF0BD /* Frameworks */,
				46D162A1200EFAED00EBF0BD /* Resources */,
			);
			buildRules = (
			);
			dependencies = (
			);
			name = "Virtual Tourist";
			productName = "Virtual Tourist";
			productReference = 46D162A3200EFAED00EBF0BD /* Virtual Tourist.app */;
			productType = "com.apple.product-type.application";
		};
		46D162B6200EFAED00EBF0BD /* Virtual TouristTests */ = {
			isa = PBXNativeTarget;
			buildConfigurationList = 46D162CE200EFAEE00EBF0BD /* Build configuration list for PBXNativeTarget "Virtual TouristTests" */;
			buildPhases = (
				46D162B3200EFAED00EBF0BD /* Sources */,
				46D162B4200EFAED00EBF0BD /* Frameworks */,
				46D162B5200EFAED00EBF0BD /* Resources */,
			);
			buildRules = (
			);
			dependencies = (
				46D162B9200EFAED00EBF0BD /* PBXTargetDependency */,
			);
			name = "Virtual TouristTests";
			productName = "Virtual TouristTests";
			productReference = 46D162B7200EFAED00EBF0BD /* Virtual TouristTests.xctest */;
			productType = "com.apple.product-type.bundle.unit-test";
		};
		46D162C1200EFAED00EBF0BD /* Virtual TouristUITests */ = {
			isa = PBXNativeTarget;
			buildConfigurationList = 46D162D1200EFAEE00EBF0BD /* Build configuration list for PBXNativeTarget "Virtual TouristUITests" */;
			buildPhases = (
				46D162BE200EFAED00EBF0BD /* Sources */,
				46D162BF200EFAED00EBF0BD /* Frameworks */,
				46D162C0200EFAED00EBF0BD /* Resources */,
			);
			buildRules = (
			);
			dependencies = (
				46D162C4200EFAED00EBF0BD /* PBXTargetDependency */,
			);
			name = "Virtual TouristUITests";
			productName = "Virtual TouristUITests";
			productReference = 46D162C2200EFAED00EBF0BD /* Virtual TouristUITests.xctest */;
			productType = "com.apple.product-type.bundle.ui-testing";
		};
/* End PBXNativeTarget section */

/* Begin PBXProject section */
		46D1629B200EFAED00EBF0BD /* Project object */ = {
			isa = PBXProject;
			attributes = {
				LastSwiftUpdateCheck = 0920;
				LastUpgradeCheck = 0920;
				ORGANIZATIONNAME = "Thomas Milgrew";
				TargetAttributes = {
					46D162A2200EFAED00EBF0BD = {
						CreatedOnToolsVersion = 9.2;
						ProvisioningStyle = Automatic;
					};
					46D162B6200EFAED00EBF0BD = {
						CreatedOnToolsVersion = 9.2;
						ProvisioningStyle = Automatic;
						TestTargetID = 46D162A2200EFAED00EBF0BD;
					};
					46D162C1200EFAED00EBF0BD = {
						CreatedOnToolsVersion = 9.2;
						ProvisioningStyle = Automatic;
						TestTargetID = 46D162A2200EFAED00EBF0BD;
					};
				};
			};
			buildConfigurationList = 46D1629E200EFAED00EBF0BD /* Build configuration list for PBXProject "Virtual Tourist" */;
			compatibilityVersion = "Xcode 8.0";
			developmentRegion = en;
			hasScannedForEncodings = 0;
			knownRegions = (
				en,
				Base,
			);
			mainGroup = 46D1629A200EFAED00EBF0BD;
			productRefGroup = 46D162A4200EFAED00EBF0BD /* Products */;
			projectDirPath = "";
			projectRoot = "";
			targets = (
				46D162A2200EFAED00EBF0BD /* Virtual Tourist */,
				46D162B6200EFAED00EBF0BD /* Virtual TouristTests */,
				46D162C1200EFAED00EBF0BD /* Virtual TouristUITests */,
			);
		};
/* End PBXProject section */

/* Begin PBXResourcesBuildPhase section */
		46D162A1200EFAED00EBF0BD /* Resources */ = {
			isa = PBXResourcesBuildPhase;
			buildActionMask = 2147483647;
			files = (
				46D162B1200EFAED00EBF0BD /* LaunchScreen.storyboard in Resources */,
				46D162AE200EFAED00EBF0BD /* Assets.xcassets in Resources */,
				46D162AC200EFAED00EBF0BD /* Main.storyboard in Resources */,
			);
			runOnlyForDeploymentPostprocessing = 0;
		};
		46D162B5200EFAED00EBF0BD /* Resources */ = {
			isa = PBXResourcesBuildPhase;
			buildActionMask = 2147483647;
			files = (
			);
			runOnlyForDeploymentPostprocessing = 0;
		};
		46D162C0200EFAED00EBF0BD /* Resources */ = {
			isa = PBXResourcesBuildPhase;
			buildActionMask = 2147483647;
			files = (
			);
			runOnlyForDeploymentPostprocessing = 0;
		};
/* End PBXResourcesBuildPhase section */

/* Begin PBXSourcesBuildPhase section */
		46D1629F200EFAED00EBF0BD /* Sources */ = {
			isa = PBXSourcesBuildPhase;
			buildActionMask = 2147483647;
			files = (
				460B83872033D07600F54505 /* Location+CoreDataProperties.swift in Sources */,
				460B83852033D07600F54505 /* Photo+CoreDataProperties.swift in Sources */,
				469D1A7D2022C06400B02EC6 /* FlickrConstants.swift in Sources */,
				462CD45D203BAD740071E805 /* PinDetailViewController.swift in Sources */,
				460B83842033D07600F54505 /* Photo+CoreDataClass.swift in Sources */,
				460B83862033D07600F54505 /* Location+CoreDataClass.swift in Sources */,
				469D1A7920200F3900B02EC6 /* FlickrConvenience.swift in Sources */,
				469D1A7F2024187900B02EC6 /* GCDBlackBox.swift in Sources */,
				46FE5AA62019755E00969809 /* ImageCollectionViewController.swift in Sources */,
				462CD45F203BAD930071E805 /* PinMapViewController.swift in Sources */,
				46BADCD62010355600B9DA3E /* MapViewController.swift in Sources */,
				46BB6DBA201AD1BC007CB97B /* CoreDataStack.swift in Sources */,
				46FE5AA92019839200969809 /* Model.xcdatamodeld in Sources */,
				469D1A7720200F1C00B02EC6 /* FlickrClient.swift in Sources */,
				46EBC3C820104A6900DD9696 /* Preferences.swift in Sources */,
				4604A47520328AAE00EE52F6 /* DataController.swift in Sources */,
				46D162A7200EFAED00EBF0BD /* AppDelegate.swift in Sources */,
				469D1A7B202013DB00B02EC6 /* CoreDataCollectionViewController.swift in Sources */,
			);
			runOnlyForDeploymentPostprocessing = 0;
		};
		46D162B3200EFAED00EBF0BD /* Sources */ = {
			isa = PBXSourcesBuildPhase;
			buildActionMask = 2147483647;
			files = (
				46D162BC200EFAED00EBF0BD /* Virtual_TouristTests.swift in Sources */,
			);
			runOnlyForDeploymentPostprocessing = 0;
		};
		46D162BE200EFAED00EBF0BD /* Sources */ = {
			isa = PBXSourcesBuildPhase;
			buildActionMask = 2147483647;
			files = (
				46D162C7200EFAED00EBF0BD /* Virtual_TouristUITests.swift in Sources */,
			);
			runOnlyForDeploymentPostprocessing = 0;
		};
/* End PBXSourcesBuildPhase section */

/* Begin PBXTargetDependency section */
		46D162B9200EFAED00EBF0BD /* PBXTargetDependency */ = {
			isa = PBXTargetDependency;
			target = 46D162A2200EFAED00EBF0BD /* Virtual Tourist */;
			targetProxy = 46D162B8200EFAED00EBF0BD /* PBXContainerItemProxy */;
		};
		46D162C4200EFAED00EBF0BD /* PBXTargetDependency */ = {
			isa = PBXTargetDependency;
			target = 46D162A2200EFAED00EBF0BD /* Virtual Tourist */;
			targetProxy = 46D162C3200EFAED00EBF0BD /* PBXContainerItemProxy */;
		};
/* End PBXTargetDependency section */

/* Begin PBXVariantGroup section */
		46D162AA200EFAED00EBF0BD /* Main.storyboard */ = {
			isa = PBXVariantGroup;
			children = (
				46D162AB200EFAED00EBF0BD /* Base */,
			);
			name = Main.storyboard;
			sourceTree = "<group>";
		};
		46D162AF200EFAED00EBF0BD /* LaunchScreen.storyboard */ = {
			isa = PBXVariantGroup;
			children = (
				46D162B0200EFAED00EBF0BD /* Base */,
			);
			name = LaunchScreen.storyboard;
			sourceTree = "<group>";
		};
/* End PBXVariantGroup section */

/* Begin XCBuildConfiguration section */
		46D162C9200EFAEE00EBF0BD /* Debug */ = {
			isa = XCBuildConfiguration;
			buildSettings = {
				ALWAYS_SEARCH_USER_PATHS = NO;
				CLANG_ANALYZER_NONNULL = YES;
				CLANG_ANALYZER_NUMBER_OBJECT_CONVERSION = YES_AGGRESSIVE;
				CLANG_CXX_LANGUAGE_STANDARD = "gnu++14";
				CLANG_CXX_LIBRARY = "libc++";
				CLANG_ENABLE_MODULES = YES;
				CLANG_ENABLE_OBJC_ARC = YES;
				CLANG_WARN_BLOCK_CAPTURE_AUTORELEASING = YES;
				CLANG_WARN_BOOL_CONVERSION = YES;
				CLANG_WARN_COMMA = YES;
				CLANG_WARN_CONSTANT_CONVERSION = YES;
				CLANG_WARN_DIRECT_OBJC_ISA_USAGE = YES_ERROR;
				CLANG_WARN_DOCUMENTATION_COMMENTS = YES;
				CLANG_WARN_EMPTY_BODY = YES;
				CLANG_WARN_ENUM_CONVERSION = YES;
				CLANG_WARN_INFINITE_RECURSION = YES;
				CLANG_WARN_INT_CONVERSION = YES;
				CLANG_WARN_NON_LITERAL_NULL_CONVERSION = YES;
				CLANG_WARN_OBJC_LITERAL_CONVERSION = YES;
				CLANG_WARN_OBJC_ROOT_CLASS = YES_ERROR;
				CLANG_WARN_RANGE_LOOP_ANALYSIS = YES;
				CLANG_WARN_STRICT_PROTOTYPES = YES;
				CLANG_WARN_SUSPICIOUS_MOVE = YES;
				CLANG_WARN_UNGUARDED_AVAILABILITY = YES_AGGRESSIVE;
				CLANG_WARN_UNREACHABLE_CODE = YES;
				CLANG_WARN__DUPLICATE_METHOD_MATCH = YES;
				CODE_SIGN_IDENTITY = "iPhone Developer";
				COPY_PHASE_STRIP = NO;
				DEBUG_INFORMATION_FORMAT = dwarf;
				ENABLE_STRICT_OBJC_MSGSEND = YES;
				ENABLE_TESTABILITY = YES;
				GCC_C_LANGUAGE_STANDARD = gnu11;
				GCC_DYNAMIC_NO_PIC = NO;
				GCC_NO_COMMON_BLOCKS = YES;
				GCC_OPTIMIZATION_LEVEL = 0;
				GCC_PREPROCESSOR_DEFINITIONS = (
					"DEBUG=1",
					"$(inherited)",
				);
				GCC_WARN_64_TO_32_BIT_CONVERSION = YES;
				GCC_WARN_ABOUT_RETURN_TYPE = YES_ERROR;
				GCC_WARN_UNDECLARED_SELECTOR = YES;
				GCC_WARN_UNINITIALIZED_AUTOS = YES_AGGRESSIVE;
				GCC_WARN_UNUSED_FUNCTION = YES;
				GCC_WARN_UNUSED_VARIABLE = YES;
				IPHONEOS_DEPLOYMENT_TARGET = 11.2;
				MTL_ENABLE_DEBUG_INFO = YES;
				ONLY_ACTIVE_ARCH = YES;
				SDKROOT = iphoneos;
				SWIFT_ACTIVE_COMPILATION_CONDITIONS = DEBUG;
				SWIFT_OPTIMIZATION_LEVEL = "-Onone";
			};
			name = Debug;
		};
		46D162CA200EFAEE00EBF0BD /* Release */ = {
			isa = XCBuildConfiguration;
			buildSettings = {
				ALWAYS_SEARCH_USER_PATHS = NO;
				CLANG_ANALYZER_NONNULL = YES;
				CLANG_ANALYZER_NUMBER_OBJECT_CONVERSION = YES_AGGRESSIVE;
				CLANG_CXX_LANGUAGE_STANDARD = "gnu++14";
				CLANG_CXX_LIBRARY = "libc++";
				CLANG_ENABLE_MODULES = YES;
				CLANG_ENABLE_OBJC_ARC = YES;
				CLANG_WARN_BLOCK_CAPTURE_AUTORELEASING = YES;
				CLANG_WARN_BOOL_CONVERSION = YES;
				CLANG_WARN_COMMA = YES;
				CLANG_WARN_CONSTANT_CONVERSION = YES;
				CLANG_WARN_DIRECT_OBJC_ISA_USAGE = YES_ERROR;
				CLANG_WARN_DOCUMENTATION_COMMENTS = YES;
				CLANG_WARN_EMPTY_BODY = YES;
				CLANG_WARN_ENUM_CONVERSION = YES;
				CLANG_WARN_INFINITE_RECURSION = YES;
				CLANG_WARN_INT_CONVERSION = YES;
				CLANG_WARN_NON_LITERAL_NULL_CONVERSION = YES;
				CLANG_WARN_OBJC_LITERAL_CONVERSION = YES;
				CLANG_WARN_OBJC_ROOT_CLASS = YES_ERROR;
				CLANG_WARN_RANGE_LOOP_ANALYSIS = YES;
				CLANG_WARN_STRICT_PROTOTYPES = YES;
				CLANG_WARN_SUSPICIOUS_MOVE = YES;
				CLANG_WARN_UNGUARDED_AVAILABILITY = YES_AGGRESSIVE;
				CLANG_WARN_UNREACHABLE_CODE = YES;
				CLANG_WARN__DUPLICATE_METHOD_MATCH = YES;
				CODE_SIGN_IDENTITY = "iPhone Developer";
				COPY_PHASE_STRIP = NO;
				DEBUG_INFORMATION_FORMAT = "dwarf-with-dsym";
				ENABLE_NS_ASSERTIONS = NO;
				ENABLE_STRICT_OBJC_MSGSEND = YES;
				GCC_C_LANGUAGE_STANDARD = gnu11;
				GCC_NO_COMMON_BLOCKS = YES;
				GCC_WARN_64_TO_32_BIT_CONVERSION = YES;
				GCC_WARN_ABOUT_RETURN_TYPE = YES_ERROR;
				GCC_WARN_UNDECLARED_SELECTOR = YES;
				GCC_WARN_UNINITIALIZED_AUTOS = YES_AGGRESSIVE;
				GCC_WARN_UNUSED_FUNCTION = YES;
				GCC_WARN_UNUSED_VARIABLE = YES;
				IPHONEOS_DEPLOYMENT_TARGET = 11.2;
				MTL_ENABLE_DEBUG_INFO = NO;
				SDKROOT = iphoneos;
				SWIFT_OPTIMIZATION_LEVEL = "-Owholemodule";
				VALIDATE_PRODUCT = YES;
			};
			name = Release;
		};
		46D162CC200EFAEE00EBF0BD /* Debug */ = {
			isa = XCBuildConfiguration;
			buildSettings = {
				ASSETCATALOG_COMPILER_APPICON_NAME = AppIcon;
				CODE_SIGN_STYLE = Automatic;
				INFOPLIST_FILE = "Virtual Tourist/Info.plist";
				LD_RUNPATH_SEARCH_PATHS = "$(inherited) @executable_path/Frameworks";
				PRODUCT_BUNDLE_IDENTIFIER = "Milgrew.Virtual-Tourist";
				PRODUCT_NAME = "$(TARGET_NAME)";
				SWIFT_VERSION = 4.0;
				TARGETED_DEVICE_FAMILY = "1,2";
			};
			name = Debug;
		};
		46D162CD200EFAEE00EBF0BD /* Release */ = {
			isa = XCBuildConfiguration;
			buildSettings = {
				ASSETCATALOG_COMPILER_APPICON_NAME = AppIcon;
				CODE_SIGN_STYLE = Automatic;
				INFOPLIST_FILE = "Virtual Tourist/Info.plist";
				LD_RUNPATH_SEARCH_PATHS = "$(inherited) @executable_path/Frameworks";
				PRODUCT_BUNDLE_IDENTIFIER = "Milgrew.Virtual-Tourist";
				PRODUCT_NAME = "$(TARGET_NAME)";
				SWIFT_VERSION = 4.0;
				TARGETED_DEVICE_FAMILY = "1,2";
			};
			name = Release;
		};
		46D162CF200EFAEE00EBF0BD /* Debug */ = {
			isa = XCBuildConfiguration;
			buildSettings = {
				ALWAYS_EMBED_SWIFT_STANDARD_LIBRARIES = YES;
				BUNDLE_LOADER = "$(TEST_HOST)";
				CODE_SIGN_STYLE = Automatic;
				INFOPLIST_FILE = "Virtual TouristTests/Info.plist";
				LD_RUNPATH_SEARCH_PATHS = "$(inherited) @executable_path/Frameworks @loader_path/Frameworks";
				PRODUCT_BUNDLE_IDENTIFIER = "Milgrew.Virtual-TouristTests";
				PRODUCT_NAME = "$(TARGET_NAME)";
				SWIFT_VERSION = 4.0;
				TARGETED_DEVICE_FAMILY = "1,2";
				TEST_HOST = "$(BUILT_PRODUCTS_DIR)/Virtual Tourist.app/Virtual Tourist";
			};
			name = Debug;
		};
		46D162D0200EFAEE00EBF0BD /* Release */ = {
			isa = XCBuildConfiguration;
			buildSettings = {
				ALWAYS_EMBED_SWIFT_STANDARD_LIBRARIES = YES;
				BUNDLE_LOADER = "$(TEST_HOST)";
				CODE_SIGN_STYLE = Automatic;
				INFOPLIST_FILE = "Virtual TouristTests/Info.plist";
				LD_RUNPATH_SEARCH_PATHS = "$(inherited) @executable_path/Frameworks @loader_path/Frameworks";
				PRODUCT_BUNDLE_IDENTIFIER = "Milgrew.Virtual-TouristTests";
				PRODUCT_NAME = "$(TARGET_NAME)";
				SWIFT_VERSION = 4.0;
				TARGETED_DEVICE_FAMILY = "1,2";
				TEST_HOST = "$(BUILT_PRODUCTS_DIR)/Virtual Tourist.app/Virtual Tourist";
			};
			name = Release;
		};
		46D162D2200EFAEE00EBF0BD /* Debug */ = {
			isa = XCBuildConfiguration;
			buildSettings = {
				ALWAYS_EMBED_SWIFT_STANDARD_LIBRARIES = YES;
				CODE_SIGN_STYLE = Automatic;
				INFOPLIST_FILE = "Virtual TouristUITests/Info.plist";
				LD_RUNPATH_SEARCH_PATHS = "$(inherited) @executable_path/Frameworks @loader_path/Frameworks";
				PRODUCT_BUNDLE_IDENTIFIER = "Milgrew.Virtual-TouristUITests";
				PRODUCT_NAME = "$(TARGET_NAME)";
				SWIFT_VERSION = 4.0;
				TARGETED_DEVICE_FAMILY = "1,2";
				TEST_TARGET_NAME = "Virtual Tourist";
			};
			name = Debug;
		};
		46D162D3200EFAEE00EBF0BD /* Release */ = {
			isa = XCBuildConfiguration;
			buildSettings = {
				ALWAYS_EMBED_SWIFT_STANDARD_LIBRARIES = YES;
				CODE_SIGN_STYLE = Automatic;
				INFOPLIST_FILE = "Virtual TouristUITests/Info.plist";
				LD_RUNPATH_SEARCH_PATHS = "$(inherited) @executable_path/Frameworks @loader_path/Frameworks";
				PRODUCT_BUNDLE_IDENTIFIER = "Milgrew.Virtual-TouristUITests";
				PRODUCT_NAME = "$(TARGET_NAME)";
				SWIFT_VERSION = 4.0;
				TARGETED_DEVICE_FAMILY = "1,2";
				TEST_TARGET_NAME = "Virtual Tourist";
			};
			name = Release;
		};
/* End XCBuildConfiguration section */

/* Begin XCConfigurationList section */
		46D1629E200EFAED00EBF0BD /* Build configuration list for PBXProject "Virtual Tourist" */ = {
			isa = XCConfigurationList;
			buildConfigurations = (
				46D162C9200EFAEE00EBF0BD /* Debug */,
				46D162CA200EFAEE00EBF0BD /* Release */,
			);
			defaultConfigurationIsVisible = 0;
			defaultConfigurationName = Release;
		};
		46D162CB200EFAEE00EBF0BD /* Build configuration list for PBXNativeTarget "Virtual Tourist" */ = {
			isa = XCConfigurationList;
			buildConfigurations = (
				46D162CC200EFAEE00EBF0BD /* Debug */,
				46D162CD200EFAEE00EBF0BD /* Release */,
			);
			defaultConfigurationIsVisible = 0;
			defaultConfigurationName = Release;
		};
		46D162CE200EFAEE00EBF0BD /* Build configuration list for PBXNativeTarget "Virtual TouristTests" */ = {
			isa = XCConfigurationList;
			buildConfigurations = (
				46D162CF200EFAEE00EBF0BD /* Debug */,
				46D162D0200EFAEE00EBF0BD /* Release */,
			);
			defaultConfigurationIsVisible = 0;
			defaultConfigurationName = Release;
		};
		46D162D1200EFAEE00EBF0BD /* Build configuration list for PBXNativeTarget "Virtual TouristUITests" */ = {
			isa = XCConfigurationList;
			buildConfigurations = (
				46D162D2200EFAEE00EBF0BD /* Debug */,
				46D162D3200EFAEE00EBF0BD /* Release */,
			);
			defaultConfigurationIsVisible = 0;
			defaultConfigurationName = Release;
		};
/* End XCConfigurationList section */

/* Begin XCVersionGroup section */
		46FE5AA72019839200969809 /* Model.xcdatamodeld */ = {
			isa = XCVersionGroup;
			children = (
				46FE5AA82019839200969809 /* Model.xcdatamodel */,
			);
			currentVersion = 46FE5AA82019839200969809 /* Model.xcdatamodel */;
			path = Model.xcdatamodeld;
			sourceTree = "<group>";
			versionGroupType = wrapper.xcdatamodel;
		};
/* End XCVersionGroup section */
	};
	rootObject = 46D1629B200EFAED00EBF0BD /* Project object */;
}
